{
  "name": "rollup-plugin-bundle-less",
  "version": "0.0.1",
  "lockfileVersion": 1,
  "requires": true,
  "dependencies": {
    "less-bundle": {
      "version": "0.1.2",
      "resolved": "https://registry.npmjs.org/less-bundle/-/less-bundle-0.1.2.tgz",
      "integrity": "sha512-H+KMuY23fu2VqQ5Ma6+Z302wu4S44FnerP62gFbq2BTVtQ4YGbDsSMtOpJLSOgj+S6FxudNqxBFA+t54BV5GhA=="
    }
  }
}
